
Microsoft Visual Studio Solution File, Format Version 12.00
# Visual Studio 2012
Project("{FAE04EC0-301F-11D3-BF4B-00C04F79EFBC}") = "MagicPictures", "MagicPictures\MagicPictures.csproj", "{7405C355-0325-4430-BD45-3745366B403F}"
EndProject
Project("{FAE04EC0-301F-11D3-BF4B-00C04F79EFBC}") = "MagicPictures.Droid", "Droid\MagicPictures.Droid.csproj", "{2D5CB27E-D99E-4C12-BF8D-7545F8F5547F}"
EndProject
Project("{FAE04EC0-301F-11D3-BF4B-00C04F79EFBC}") = "MagicPictures.iOS", "iOS\MagicPictures.iOS.csproj", "{16A78A04-D0AD-4D7F-87AD-6B1369E628F2}"
EndProject
Project("{FAE04EC0-301F-11D3-BF4B-00C04F79EFBC}") = "MagicPictures.UITests", "UITests\MagicPictures.UITests.csproj", "{C784E9C7-896E-43E1-845C-7A17A5B24B7F}"
EndProject
Project("{2150E333-8FDC-42A3-9474-1A3956D46DE8}") = "git", "git", "{17816D6A-79DB-4F58-B2C9-69BECC174499}"
EndProject
Global
	GlobalSection(SolutionConfigurationPlatforms) = preSolution
		Debug|Any CPU = Debug|Any CPU
		Release|Any CPU = Release|Any CPU
		Debug|iPhoneSimulator = Debug|iPhoneSimulator
		Release|iPhone = Release|iPhone
		Release|iPhoneSimulator = Release|iPhoneSimulator
		Debug|iPhone = Debug|iPhone
	EndGlobalSection
	GlobalSection(ProjectConfigurationPlatforms) = postSolution
		{7405C355-0325-4430-BD45-3745366B403F}.Debug|Any CPU.ActiveCfg = Debug|Any CPU
		{7405C355-0325-4430-BD45-3745366B403F}.Debug|Any CPU.Build.0 = Debug|Any CPU
		{7405C355-0325-4430-BD45-3745366B403F}.Release|Any CPU.ActiveCfg = Release|Any CPU
		{7405C355-0325-4430-BD45-3745366B403F}.Release|Any CPU.Build.0 = Release|Any CPU
		{7405C355-0325-4430-BD45-3745366B403F}.Debug|iPhoneSimulator.ActiveCfg = Debug|Any CPU
		{7405C355-0325-4430-BD45-3745366B403F}.Debug|iPhoneSimulator.Build.0 = Debug|Any CPU
		{7405C355-0325-4430-BD45-3745366B403F}.Release|iPhone.ActiveCfg = Release|Any CPU
		{7405C355-0325-4430-BD45-3745366B403F}.Release|iPhone.Build.0 = Release|Any CPU
		{7405C355-0325-4430-BD45-3745366B403F}.Release|iPhoneSimulator.ActiveCfg = Release|Any CPU
		{7405C355-0325-4430-BD45-3745366B403F}.Release|iPhoneSimulator.Build.0 = Release|Any CPU
		{7405C355-0325-4430-BD45-3745366B403F}.Debug|iPhone.ActiveCfg = Debug|Any CPU
		{7405C355-0325-4430-BD45-3745366B403F}.Debug|iPhone.Build.0 = Debug|Any CPU
		{2D5CB27E-D99E-4C12-BF8D-7545F8F5547F}.Debug|Any CPU.ActiveCfg = Debug|Any CPU
		{2D5CB27E-D99E-4C12-BF8D-7545F8F5547F}.Debug|Any CPU.Build.0 = Debug|Any CPU
		{2D5CB27E-D99E-4C12-BF8D-7545F8F5547F}.Release|Any CPU.ActiveCfg = Release|Any CPU
		{2D5CB27E-D99E-4C12-BF8D-7545F8F5547F}.Release|Any CPU.Build.0 = Release|Any CPU
		{2D5CB27E-D99E-4C12-BF8D-7545F8F5547F}.Debug|iPhoneSimulator.ActiveCfg = Debug|Any CPU
		{2D5CB27E-D99E-4C12-BF8D-7545F8F5547F}.Debug|iPhoneSimulator.Build.0 = Debug|Any CPU
		{2D5CB27E-D99E-4C12-BF8D-7545F8F5547F}.Release|iPhone.ActiveCfg = Release|Any CPU
		{2D5CB27E-D99E-4C12-BF8D-7545F8F5547F}.Release|iPhone.Build.0 = Release|Any CPU
		{2D5CB27E-D99E-4C12-BF8D-7545F8F5547F}.Release|iPhoneSimulator.ActiveCfg = Release|Any CPU
		{2D5CB27E-D99E-4C12-BF8D-7545F8F5547F}.Release|iPhoneSimulator.Build.0 = Release|Any CPU
		{2D5CB27E-D99E-4C12-BF8D-7545F8F5547F}.Debug|iPhone.ActiveCfg = Debug|Any CPU
		{2D5CB27E-D99E-4C12-BF8D-7545F8F5547F}.Debug|iPhone.Build.0 = Debug|Any CPU
		{16A78A04-D0AD-4D7F-87AD-6B1369E628F2}.Debug|Any CPU.ActiveCfg = Debug|iPhoneSimulator
		{16A78A04-D0AD-4D7F-87AD-6B1369E628F2}.Debug|Any CPU.Build.0 = Debug|iPhoneSimulator
		{16A78A04-D0AD-4D7F-87AD-6B1369E628F2}.Release|Any CPU.ActiveCfg = Release|iPhone
		{16A78A04-D0AD-4D7F-87AD-6B1369E628F2}.Release|Any CPU.Build.0 = Release|iPhone
		{16A78A04-D0AD-4D7F-87AD-6B1369E628F2}.Debug|iPhoneSimulator.ActiveCfg = Debug|iPhoneSimulator
		{16A78A04-D0AD-4D7F-87AD-6B1369E628F2}.Debug|iPhoneSimulator.Build.0 = Debug|iPhoneSimulator
		{16A78A04-D0AD-4D7F-87AD-6B1369E628F2}.Release|iPhone.ActiveCfg = Release|iPhone
		{16A78A04-D0AD-4D7F-87AD-6B1369E628F2}.Release|iPhone.Build.0 = Release|iPhone
		{16A78A04-D0AD-4D7F-87AD-6B1369E628F2}.Release|iPhoneSimulator.ActiveCfg = Release|iPhoneSimulator
		{16A78A04-D0AD-4D7F-87AD-6B1369E628F2}.Release|iPhoneSimulator.Build.0 = Release|iPhoneSimulator
		{16A78A04-D0AD-4D7F-87AD-6B1369E628F2}.Debug|iPhone.ActiveCfg = Debug|iPhone
		{16A78A04-D0AD-4D7F-87AD-6B1369E628F2}.Debug|iPhone.Build.0 = Debug|iPhone
		{C784E9C7-896E-43E1-845C-7A17A5B24B7F}.Debug|Any CPU.ActiveCfg = Debug|Any CPU
		{C784E9C7-896E-43E1-845C-7A17A5B24B7F}.Debug|Any CPU.Build.0 = Debug|Any CPU
		{C784E9C7-896E-43E1-845C-7A17A5B24B7F}.Release|Any CPU.ActiveCfg = Release|Any CPU
		{C784E9C7-896E-43E1-845C-7A17A5B24B7F}.Release|Any CPU.Build.0 = Release|Any CPU
		{C784E9C7-896E-43E1-845C-7A17A5B24B7F}.Debug|iPhoneSimulator.ActiveCfg = Debug|Any CPU
		{C784E9C7-896E-43E1-845C-7A17A5B24B7F}.Debug|iPhoneSimulator.Build.0 = Debug|Any CPU
		{C784E9C7-896E-43E1-845C-7A17A5B24B7F}.Release|iPhone.ActiveCfg = Release|Any CPU
		{C784E9C7-896E-43E1-845C-7A17A5B24B7F}.Release|iPhone.Build.0 = Release|Any CPU
		{C784E9C7-896E-43E1-845C-7A17A5B24B7F}.Release|iPhoneSimulator.ActiveCfg = Release|Any CPU
		{C784E9C7-896E-43E1-845C-7A17A5B24B7F}.Release|iPhoneSimulator.Build.0 = Release|Any CPU
		{C784E9C7-896E-43E1-845C-7A17A5B24B7F}.Debug|iPhone.ActiveCfg = Debug|Any CPU
		{C784E9C7-896E-43E1-845C-7A17A5B24B7F}.Debug|iPhone.Build.0 = Debug|Any CPU
	EndGlobalSection
EndGlobal
